
Microsoft Visual Studio Solution File, Format Version 12.00
# Visual Studio Version 17
VisualStudioVersion = 17.4.33103.184
MinimumVisualStudioVersion = 10.0.40219.1
Project("{FAE04EC0-301F-11D3-BF4B-00C04F79EFBC}") = "Lab2", "Lab2\Lab2.csproj", "{9F3CB0A8-5716-4112-B31D-E9BE461E10AF}"
EndProject
Project("{2150E333-8FDC-42A3-9474-1A3956D46DE8}") = "Public", "Public", "{8CFD8704-3535-4E49-A1BD-114F13129F74}"
	ProjectSection(SolutionItems) = preProject
		Public\OOD_Labs_all.docx = Public\OOD_Labs_all.docx
	EndProjectSection
EndProject
Project("{FAE04EC0-301F-11D3-BF4B-00C04F79EFBC}") = "Lab1", "Lab1\Lab1.csproj", "{B6149330-A261-4FF1-96DA-7F2C45B705B6}"
EndProject
Project("{2150E333-8FDC-42A3-9474-1A3956D46DE8}") = "Libs", "Libs", "{8BE22E04-9487-406F-9E84-168099E96542}"
EndProject
Project("{FAE04EC0-301F-11D3-BF4B-00C04F79EFBC}") = "Libs", "Libs\Libs\Libs.csproj", "{50B5C498-D197-46BE-A708-A147FF993A55}"
EndProject
Project("{FAE04EC0-301F-11D3-BF4B-00C04F79EFBC}") = "Libs.Memento", "Libs\Libs.Memento\Libs.Memento.csproj", "{6DA5018C-5401-40F7-A1C9-96494B9CC50C}"
EndProject
Project("{FAE04EC0-301F-11D3-BF4B-00C04F79EFBC}") = "Libs.Memento.Tests", "Libs\Libs.Memento.Tests\Libs.Memento.Tests.csproj", "{07891AF2-6DB8-4D75-85C7-F8E3D5E77BF0}"
EndProject
Project("{FAE04EC0-301F-11D3-BF4B-00C04F79EFBC}") = "Libs.SFML", "Libs\Libs.SFML\Libs.SFML.csproj", "{864743A3-7F28-4612-95C2-EB585D19F85B}"
EndProject
Project("{FAE04EC0-301F-11D3-BF4B-00C04F79EFBC}") = "Libs.SFML.UI", "Libs\Libs.SFML.UI\Libs.SFML.UI.csproj", "{AE87B81C-968A-4CF7-870D-3BC5554C0313}"
EndProject
Global
	GlobalSection(SolutionConfigurationPlatforms) = preSolution
		Debug|x64 = Debug|x64
		Debug|x86 = Debug|x86
		Release|x64 = Release|x64
		Release|x86 = Release|x86
	EndGlobalSection
	GlobalSection(ProjectConfigurationPlatforms) = postSolution
		{9F3CB0A8-5716-4112-B31D-E9BE461E10AF}.Debug|x64.ActiveCfg = Debug|Any CPU
		{9F3CB0A8-5716-4112-B31D-E9BE461E10AF}.Debug|x64.Build.0 = Debug|Any CPU
		{9F3CB0A8-5716-4112-B31D-E9BE461E10AF}.Debug|x86.ActiveCfg = Debug|Any CPU
		{9F3CB0A8-5716-4112-B31D-E9BE461E10AF}.Debug|x86.Build.0 = Debug|Any CPU
		{9F3CB0A8-5716-4112-B31D-E9BE461E10AF}.Release|x64.ActiveCfg = Release|Any CPU
		{9F3CB0A8-5716-4112-B31D-E9BE461E10AF}.Release|x64.Build.0 = Release|Any CPU
		{9F3CB0A8-5716-4112-B31D-E9BE461E10AF}.Release|x86.ActiveCfg = Release|Any CPU
		{9F3CB0A8-5716-4112-B31D-E9BE461E10AF}.Release|x86.Build.0 = Release|Any CPU
		{B6149330-A261-4FF1-96DA-7F2C45B705B6}.Debug|x64.ActiveCfg = Debug|Any CPU
		{B6149330-A261-4FF1-96DA-7F2C45B705B6}.Debug|x64.Build.0 = Debug|Any CPU
		{B6149330-A261-4FF1-96DA-7F2C45B705B6}.Debug|x86.ActiveCfg = Debug|Any CPU
		{B6149330-A261-4FF1-96DA-7F2C45B705B6}.Debug|x86.Build.0 = Debug|Any CPU
		{B6149330-A261-4FF1-96DA-7F2C45B705B6}.Release|x64.ActiveCfg = Release|Any CPU
		{B6149330-A261-4FF1-96DA-7F2C45B705B6}.Release|x64.Build.0 = Release|Any CPU
		{B6149330-A261-4FF1-96DA-7F2C45B705B6}.Release|x86.ActiveCfg = Release|Any CPU
		{B6149330-A261-4FF1-96DA-7F2C45B705B6}.Release|x86.Build.0 = Release|Any CPU
		{50B5C498-D197-46BE-A708-A147FF993A55}.Debug|x64.ActiveCfg = Debug|Any CPU
		{50B5C498-D197-46BE-A708-A147FF993A55}.Debug|x64.Build.0 = Debug|Any CPU
		{50B5C498-D197-46BE-A708-A147FF993A55}.Debug|x86.ActiveCfg = Debug|Any CPU
		{50B5C498-D197-46BE-A708-A147FF993A55}.Debug|x86.Build.0 = Debug|Any CPU
		{50B5C498-D197-46BE-A708-A147FF993A55}.Release|x64.ActiveCfg = Release|Any CPU
		{50B5C498-D197-46BE-A708-A147FF993A55}.Release|x64.Build.0 = Release|Any CPU
		{50B5C498-D197-46BE-A708-A147FF993A55}.Release|x86.ActiveCfg = Release|Any CPU
		{50B5C498-D197-46BE-A708-A147FF993A55}.Release|x86.Build.0 = Release|Any CPU
		{6DA5018C-5401-40F7-A1C9-96494B9CC50C}.Debug|x64.ActiveCfg = Debug|Any CPU
		{6DA5018C-5401-40F7-A1C9-96494B9CC50C}.Debug|x64.Build.0 = Debug|Any CPU
		{6DA5018C-5401-40F7-A1C9-96494B9CC50C}.Debug|x86.ActiveCfg = Debug|Any CPU
		{6DA5018C-5401-40F7-A1C9-96494B9CC50C}.Debug|x86.Build.0 = Debug|Any CPU
		{6DA5018C-5401-40F7-A1C9-96494B9CC50C}.Release|x64.ActiveCfg = Release|Any CPU
		{6DA5018C-5401-40F7-A1C9-96494B9CC50C}.Release|x64.Build.0 = Release|Any CPU
		{6DA5018C-5401-40F7-A1C9-96494B9CC50C}.Release|x86.ActiveCfg = Release|Any CPU
		{6DA5018C-5401-40F7-A1C9-96494B9CC50C}.Release|x86.Build.0 = Release|Any CPU
		{07891AF2-6DB8-4D75-85C7-F8E3D5E77BF0}.Debug|x64.ActiveCfg = Debug|Any CPU
		{07891AF2-6DB8-4D75-85C7-F8E3D5E77BF0}.Debug|x64.Build.0 = Debug|Any CPU
		{07891AF2-6DB8-4D75-85C7-F8E3D5E77BF0}.Debug|x86.ActiveCfg = Debug|Any CPU
		{07891AF2-6DB8-4D75-85C7-F8E3D5E77BF0}.Debug|x86.Build.0 = Debug|Any CPU
		{07891AF2-6DB8-4D75-85C7-F8E3D5E77BF0}.Release|x64.ActiveCfg = Release|Any CPU
		{07891AF2-6DB8-4D75-85C7-F8E3D5E77BF0}.Release|x64.Build.0 = Release|Any CPU
		{07891AF2-6DB8-4D75-85C7-F8E3D5E77BF0}.Release|x86.ActiveCfg = Release|Any CPU
		{07891AF2-6DB8-4D75-85C7-F8E3D5E77BF0}.Release|x86.Build.0 = Release|Any CPU
		{864743A3-7F28-4612-95C2-EB585D19F85B}.Debug|x64.ActiveCfg = Debug|Any CPU
		{864743A3-7F28-4612-95C2-EB585D19F85B}.Debug|x64.Build.0 = Debug|Any CPU
		{864743A3-7F28-4612-95C2-EB585D19F85B}.Debug|x86.ActiveCfg = Debug|Any CPU
		{864743A3-7F28-4612-95C2-EB585D19F85B}.Debug|x86.Build.0 = Debug|Any CPU
		{864743A3-7F28-4612-95C2-EB585D19F85B}.Release|x64.ActiveCfg = Release|Any CPU
		{864743A3-7F28-4612-95C2-EB585D19F85B}.Release|x64.Build.0 = Release|Any CPU
		{864743A3-7F28-4612-95C2-EB585D19F85B}.Release|x86.ActiveCfg = Release|Any CPU
		{864743A3-7F28-4612-95C2-EB585D19F85B}.Release|x86.Build.0 = Release|Any CPU
		{AE87B81C-968A-4CF7-870D-3BC5554C0313}.Debug|x64.ActiveCfg = Debug|Any CPU
		{AE87B81C-968A-4CF7-870D-3BC5554C0313}.Debug|x64.Build.0 = Debug|Any CPU
		{AE87B81C-968A-4CF7-870D-3BC5554C0313}.Debug|x86.ActiveCfg = Debug|Any CPU
		{AE87B81C-968A-4CF7-870D-3BC5554C0313}.Debug|x86.Build.0 = Debug|Any CPU
		{AE87B81C-968A-4CF7-870D-3BC5554C0313}.Release|x64.ActiveCfg = Release|Any CPU
		{AE87B81C-968A-4CF7-870D-3BC5554C0313}.Release|x64.Build.0 = Release|Any CPU
		{AE87B81C-968A-4CF7-870D-3BC5554C0313}.Release|x86.ActiveCfg = Release|Any CPU
		{AE87B81C-968A-4CF7-870D-3BC5554C0313}.Release|x86.Build.0 = Release|Any CPU
	EndGlobalSection
	GlobalSection(SolutionProperties) = preSolution
		HideSolutionNode = FALSE
	EndGlobalSection
	GlobalSection(ExtensibilityGlobals) = postSolution
		SolutionGuid = {0CA147DF-8B93-4286-BB42-A8C922E73654}
	EndGlobalSection
	GlobalSection(NestedProjects) = preSolution
		{50B5C498-D197-46BE-A708-A147FF993A55} = {8BE22E04-9487-406F-9E84-168099E96542}
		{6DA5018C-5401-40F7-A1C9-96494B9CC50C} = {8BE22E04-9487-406F-9E84-168099E96542}
		{07891AF2-6DB8-4D75-85C7-F8E3D5E77BF0} = {8BE22E04-9487-406F-9E84-168099E96542}
		{864743A3-7F28-4612-95C2-EB585D19F85B} = {8BE22E04-9487-406F-9E84-168099E96542}
		{AE87B81C-968A-4CF7-870D-3BC5554C0313} = {8BE22E04-9487-406F-9E84-168099E96542}
	EndGlobalSection
EndGlobal
